
Microsoft Visual Studio Solution File, Format Version 12.00
# Visual Studio Version 17
VisualStudioVersion = 17.3.32901.215
MinimumVisualStudioVersion = 10.0.40219.1
Project("{9A19103F-16F7-4668-BE54-9A1E7A4F7556}") = "ApplicationCRUDCore22", "ApplicationCRUDCore22\ApplicationCRUDCore22.csproj", "{EF79B2C6-DC07-4CA4-8792-35AA3DE168F0}"
EndProject
Project("{FAE04EC0-301F-11D3-BF4B-00C04F79EFBC}") = "WebProj.Model", "WebProj.Model\WebProj.Model.csproj", "{E25CFB4B-F58B-40C9-817B-F664731C91F5}"
EndProject
Project("{FAE04EC0-301F-11D3-BF4B-00C04F79EFBC}") = "WebProj.DataAccessLayer", "WebProj.DataAccessLayer\WebProj.DataAccessLayer.csproj", "{93D7F48A-B918-42A7-B1F7-D045EE2BAC7F}"
EndProject
Global
	GlobalSection(SolutionConfigurationPlatforms) = preSolution
		Debug|Any CPU = Debug|Any CPU
		Release|Any CPU = Release|Any CPU
	EndGlobalSection
	GlobalSection(ProjectConfigurationPlatforms) = postSolution
		{EF79B2C6-DC07-4CA4-8792-35AA3DE168F0}.Debug|Any CPU.ActiveCfg = Debug|Any CPU
		{EF79B2C6-DC07-4CA4-8792-35AA3DE168F0}.Debug|Any CPU.Build.0 = Debug|Any CPU
		{EF79B2C6-DC07-4CA4-8792-35AA3DE168F0}.Release|Any CPU.ActiveCfg = Release|Any CPU
		{EF79B2C6-DC07-4CA4-8792-35AA3DE168F0}.Release|Any CPU.Build.0 = Release|Any CPU
		{E25CFB4B-F58B-40C9-817B-F664731C91F5}.Debug|Any CPU.ActiveCfg = Debug|Any CPU
		{E25CFB4B-F58B-40C9-817B-F664731C91F5}.Debug|Any CPU.Build.0 = Debug|Any CPU
		{E25CFB4B-F58B-40C9-817B-F664731C91F5}.Release|Any CPU.ActiveCfg = Release|Any CPU
		{E25CFB4B-F58B-40C9-817B-F664731C91F5}.Release|Any CPU.Build.0 = Release|Any CPU
		{93D7F48A-B918-42A7-B1F7-D045EE2BAC7F}.Debug|Any CPU.ActiveCfg = Debug|Any CPU
		{93D7F48A-B918-42A7-B1F7-D045EE2BAC7F}.Debug|Any CPU.Build.0 = Debug|Any CPU
		{93D7F48A-B918-42A7-B1F7-D045EE2BAC7F}.Release|Any CPU.ActiveCfg = Release|Any CPU
		{93D7F48A-B918-42A7-B1F7-D045EE2BAC7F}.Release|Any CPU.Build.0 = Release|Any CPU
	EndGlobalSection
	GlobalSection(SolutionProperties) = preSolution
		HideSolutionNode = FALSE
	EndGlobalSection
	GlobalSection(ExtensibilityGlobals) = postSolution
		SolutionGuid = {D3AE5DDE-C900-422B-84C2-EB255D56ACFC}
	EndGlobalSection
EndGlobal
